
Microsoft Visual Studio Solution File, Format Version 12.00
# Visual Studio Version 16
VisualStudioVersion = 16.0.29721.120
MinimumVisualStudioVersion = 10.0.40219.1
Project("{FAE04EC0-301F-11D3-BF4B-00C04F79EFBC}") = "Practica7", "Practica7.csproj", "{B53D334C-7948-40CD-A6B8-4121527F3214}"
EndProject
Project("{FAE04EC0-301F-11D3-BF4B-00C04F79EFBC}") = "Practica8", "..\Practica8\Practica8.csproj", "{1448B4F2-06AF-4C5E-9DB4-91E42E5186A8}"
EndProject
Project("{FAE04EC0-301F-11D3-BF4B-00C04F79EFBC}") = "Practica9", "..\Practica9\Practica9.csproj", "{FFBCCBD6-3CC4-438E-97EF-4FD2C68C05AB}"
EndProject
Global
	GlobalSection(SolutionConfigurationPlatforms) = preSolution
		Debug|Any CPU = Debug|Any CPU
		Release|Any CPU = Release|Any CPU
	EndGlobalSection
	GlobalSection(ProjectConfigurationPlatforms) = postSolution
		{B53D334C-7948-40CD-A6B8-4121527F3214}.Debug|Any CPU.ActiveCfg = Debug|Any CPU
		{B53D334C-7948-40CD-A6B8-4121527F3214}.Debug|Any CPU.Build.0 = Debug|Any CPU
		{B53D334C-7948-40CD-A6B8-4121527F3214}.Release|Any CPU.ActiveCfg = Release|Any CPU
		{B53D334C-7948-40CD-A6B8-4121527F3214}.Release|Any CPU.Build.0 = Release|Any CPU
		{1448B4F2-06AF-4C5E-9DB4-91E42E5186A8}.Debug|Any CPU.ActiveCfg = Debug|Any CPU
		{1448B4F2-06AF-4C5E-9DB4-91E42E5186A8}.Debug|Any CPU.Build.0 = Debug|Any CPU
		{1448B4F2-06AF-4C5E-9DB4-91E42E5186A8}.Release|Any CPU.ActiveCfg = Release|Any CPU
		{1448B4F2-06AF-4C5E-9DB4-91E42E5186A8}.Release|Any CPU.Build.0 = Release|Any CPU
		{FFBCCBD6-3CC4-438E-97EF-4FD2C68C05AB}.Debug|Any CPU.ActiveCfg = Debug|Any CPU
		{FFBCCBD6-3CC4-438E-97EF-4FD2C68C05AB}.Debug|Any CPU.Build.0 = Debug|Any CPU
		{FFBCCBD6-3CC4-438E-97EF-4FD2C68C05AB}.Release|Any CPU.ActiveCfg = Release|Any CPU
		{FFBCCBD6-3CC4-438E-97EF-4FD2C68C05AB}.Release|Any CPU.Build.0 = Release|Any CPU
	EndGlobalSection
	GlobalSection(SolutionProperties) = preSolution
		HideSolutionNode = FALSE
	EndGlobalSection
	GlobalSection(ExtensibilityGlobals) = postSolution
		SolutionGuid = {B4FF953F-2D17-4ADC-AFFE-77360CFBCC19}
	EndGlobalSection
EndGlobal
